
Microsoft Visual Studio Solution File, Format Version 12.00
# Visual Studio Version 16
VisualStudioVersion = 16.0.29721.120
MinimumVisualStudioVersion = 10.0.40219.1
Project("{9A19103F-16F7-4668-BE54-9A1E7A4F7556}") = "AppTaxi2020.Common", "AppTaxi2020.Common\AppTaxi2020.Common.csproj", "{1FD76694-7173-4CFA-B9DA-079E4D13B196}"
EndProject
Project("{9A19103F-16F7-4668-BE54-9A1E7A4F7556}") = "AppTaxi2020.Web", "AppTaxi2020.Web\AppTaxi2020.Web.csproj", "{F25D8FCB-AC36-4891-BBBF-BA3779885AAD}"
EndProject
Project("{9A19103F-16F7-4668-BE54-9A1E7A4F7556}") = "AppTaxi2020.Prison", "AppTaxi2020.Prison\AppTaxi2020.Prison\AppTaxi2020.Prison.csproj", "{CE5469B1-3CFB-4AFE-A91F-AC4898DE6987}"
EndProject
Project("{FAE04EC0-301F-11D3-BF4B-00C04F79EFBC}") = "AppTaxi2020.Prison.Android", "AppTaxi2020.Prison\AppTaxi2020.Prison.Android\AppTaxi2020.Prison.Android.csproj", "{1F4B02DC-4526-48CF-B6A2-37E601BCC840}"
EndProject
Project("{FAE04EC0-301F-11D3-BF4B-00C04F79EFBC}") = "AppTaxi2020.Prison.iOS", "AppTaxi2020.Prison\AppTaxi2020.Prison.iOS\AppTaxi2020.Prison.iOS.csproj", "{29301B2C-27FC-4038-8E27-2B1D3B48CB12}"
EndProject
Project("{FAE04EC0-301F-11D3-BF4B-00C04F79EFBC}") = "AppTaxi2020.Cross.Android", "AppTaxi2020.Cross.Android\AppTaxi2020.Cross.Android.csproj", "{9D3B32E8-BF45-47C3-8B00-51820AF61483}"
EndProject
Project("{FAE04EC0-301F-11D3-BF4B-00C04F79EFBC}") = "AppTaxi2020.Cross.iOS", "AppTaxi2020.Cross.iOS\AppTaxi2020.Cross.iOS.csproj", "{B6B0DA76-4730-4944-AD2A-A096C0E24CDA}"
EndProject
Global
	GlobalSection(SolutionConfigurationPlatforms) = preSolution
		Ad-Hoc|Any CPU = Ad-Hoc|Any CPU
		Ad-Hoc|iPhone = Ad-Hoc|iPhone
		Ad-Hoc|iPhoneSimulator = Ad-Hoc|iPhoneSimulator
		AppStore|Any CPU = AppStore|Any CPU
		AppStore|iPhone = AppStore|iPhone
		AppStore|iPhoneSimulator = AppStore|iPhoneSimulator
		Debug|Any CPU = Debug|Any CPU
		Debug|iPhone = Debug|iPhone
		Debug|iPhoneSimulator = Debug|iPhoneSimulator
		Release|Any CPU = Release|Any CPU
		Release|iPhone = Release|iPhone
		Release|iPhoneSimulator = Release|iPhoneSimulator
	EndGlobalSection
	GlobalSection(ProjectConfigurationPlatforms) = postSolution
		{1FD76694-7173-4CFA-B9DA-079E4D13B196}.Ad-Hoc|Any CPU.ActiveCfg = Debug|Any CPU
		{1FD76694-7173-4CFA-B9DA-079E4D13B196}.Ad-Hoc|Any CPU.Build.0 = Debug|Any CPU
		{1FD76694-7173-4CFA-B9DA-079E4D13B196}.Ad-Hoc|iPhone.ActiveCfg = Debug|Any CPU
		{1FD76694-7173-4CFA-B9DA-079E4D13B196}.Ad-Hoc|iPhone.Build.0 = Debug|Any CPU
		{1FD76694-7173-4CFA-B9DA-079E4D13B196}.Ad-Hoc|iPhoneSimulator.ActiveCfg = Debug|Any CPU
		{1FD76694-7173-4CFA-B9DA-079E4D13B196}.Ad-Hoc|iPhoneSimulator.Build.0 = Debug|Any CPU
		{1FD76694-7173-4CFA-B9DA-079E4D13B196}.AppStore|Any CPU.ActiveCfg = Debug|Any CPU
		{1FD76694-7173-4CFA-B9DA-079E4D13B196}.AppStore|Any CPU.Build.0 = Debug|Any CPU
		{1FD76694-7173-4CFA-B9DA-079E4D13B196}.AppStore|iPhone.ActiveCfg = Debug|Any CPU
		{1FD76694-7173-4CFA-B9DA-079E4D13B196}.AppStore|iPhone.Build.0 = Debug|Any CPU
		{1FD76694-7173-4CFA-B9DA-079E4D13B196}.AppStore|iPhoneSimulator.ActiveCfg = Debug|Any CPU
		{1FD76694-7173-4CFA-B9DA-079E4D13B196}.AppStore|iPhoneSimulator.Build.0 = Debug|Any CPU
		{1FD76694-7173-4CFA-B9DA-079E4D13B196}.Debug|Any CPU.ActiveCfg = Debug|Any CPU
		{1FD76694-7173-4CFA-B9DA-079E4D13B196}.Debug|Any CPU.Build.0 = Debug|Any CPU
		{1FD76694-7173-4CFA-B9DA-079E4D13B196}.Debug|iPhone.ActiveCfg = Debug|Any CPU
		{1FD76694-7173-4CFA-B9DA-079E4D13B196}.Debug|iPhone.Build.0 = Debug|Any CPU
		{1FD76694-7173-4CFA-B9DA-079E4D13B196}.Debug|iPhoneSimulator.ActiveCfg = Debug|Any CPU
		{1FD76694-7173-4CFA-B9DA-079E4D13B196}.Debug|iPhoneSimulator.Build.0 = Debug|Any CPU
		{1FD76694-7173-4CFA-B9DA-079E4D13B196}.Release|Any CPU.ActiveCfg = Release|Any CPU
		{1FD76694-7173-4CFA-B9DA-079E4D13B196}.Release|Any CPU.Build.0 = Release|Any CPU
		{1FD76694-7173-4CFA-B9DA-079E4D13B196}.Release|iPhone.ActiveCfg = Release|Any CPU
		{1FD76694-7173-4CFA-B9DA-079E4D13B196}.Release|iPhone.Build.0 = Release|Any CPU
		{1FD76694-7173-4CFA-B9DA-079E4D13B196}.Release|iPhoneSimulator.ActiveCfg = Release|Any CPU
		{1FD76694-7173-4CFA-B9DA-079E4D13B196}.Release|iPhoneSimulator.Build.0 = Release|Any CPU
		{F25D8FCB-AC36-4891-BBBF-BA3779885AAD}.Ad-Hoc|Any CPU.ActiveCfg = Debug|Any CPU
		{F25D8FCB-AC36-4891-BBBF-BA3779885AAD}.Ad-Hoc|Any CPU.Build.0 = Debug|Any CPU
		{F25D8FCB-AC36-4891-BBBF-BA3779885AAD}.Ad-Hoc|iPhone.ActiveCfg = Debug|Any CPU
		{F25D8FCB-AC36-4891-BBBF-BA3779885AAD}.Ad-Hoc|iPhone.Build.0 = Debug|Any CPU
		{F25D8FCB-AC36-4891-BBBF-BA3779885AAD}.Ad-Hoc|iPhoneSimulator.ActiveCfg = Debug|Any CPU
		{F25D8FCB-AC36-4891-BBBF-BA3779885AAD}.Ad-Hoc|iPhoneSimulator.Build.0 = Debug|Any CPU
		{F25D8FCB-AC36-4891-BBBF-BA3779885AAD}.AppStore|Any CPU.ActiveCfg = Debug|Any CPU
		{F25D8FCB-AC36-4891-BBBF-BA3779885AAD}.AppStore|Any CPU.Build.0 = Debug|Any CPU
		{F25D8FCB-AC36-4891-BBBF-BA3779885AAD}.AppStore|iPhone.ActiveCfg = Debug|Any CPU
		{F25D8FCB-AC36-4891-BBBF-BA3779885AAD}.AppStore|iPhone.Build.0 = Debug|Any CPU
		{F25D8FCB-AC36-4891-BBBF-BA3779885AAD}.AppStore|iPhoneSimulator.ActiveCfg = Debug|Any CPU
		{F25D8FCB-AC36-4891-BBBF-BA3779885AAD}.AppStore|iPhoneSimulator.Build.0 = Debug|Any CPU
		{F25D8FCB-AC36-4891-BBBF-BA3779885AAD}.Debug|Any CPU.ActiveCfg = Debug|Any CPU
		{F25D8FCB-AC36-4891-BBBF-BA3779885AAD}.Debug|Any CPU.Build.0 = Debug|Any CPU
		{F25D8FCB-AC36-4891-BBBF-BA3779885AAD}.Debug|iPhone.ActiveCfg = Debug|Any CPU
		{F25D8FCB-AC36-4891-BBBF-BA3779885AAD}.Debug|iPhone.Build.0 = Debug|Any CPU
		{F25D8FCB-AC36-4891-BBBF-BA3779885AAD}.Debug|iPhoneSimulator.ActiveCfg = Debug|Any CPU
		{F25D8FCB-AC36-4891-BBBF-BA3779885AAD}.Debug|iPhoneSimulator.Build.0 = Debug|Any CPU
		{F25D8FCB-AC36-4891-BBBF-BA3779885AAD}.Release|Any CPU.ActiveCfg = Release|Any CPU
		{F25D8FCB-AC36-4891-BBBF-BA3779885AAD}.Release|Any CPU.Build.0 = Release|Any CPU
		{F25D8FCB-AC36-4891-BBBF-BA3779885AAD}.Release|iPhone.ActiveCfg = Release|Any CPU
		{F25D8FCB-AC36-4891-BBBF-BA3779885AAD}.Release|iPhone.Build.0 = Release|Any CPU
		{F25D8FCB-AC36-4891-BBBF-BA3779885AAD}.Release|iPhoneSimulator.ActiveCfg = Release|Any CPU
		{F25D8FCB-AC36-4891-BBBF-BA3779885AAD}.Release|iPhoneSimulator.Build.0 = Release|Any CPU
		{CE5469B1-3CFB-4AFE-A91F-AC4898DE6987}.Ad-Hoc|Any CPU.ActiveCfg = Debug|Any CPU
		{CE5469B1-3CFB-4AFE-A91F-AC4898DE6987}.Ad-Hoc|Any CPU.Build.0 = Debug|Any CPU
		{CE5469B1-3CFB-4AFE-A91F-AC4898DE6987}.Ad-Hoc|iPhone.ActiveCfg = Debug|Any CPU
		{CE5469B1-3CFB-4AFE-A91F-AC4898DE6987}.Ad-Hoc|iPhone.Build.0 = Debug|Any CPU
		{CE5469B1-3CFB-4AFE-A91F-AC4898DE6987}.Ad-Hoc|iPhoneSimulator.ActiveCfg = Debug|Any CPU
		{CE5469B1-3CFB-4AFE-A91F-AC4898DE6987}.Ad-Hoc|iPhoneSimulator.Build.0 = Debug|Any CPU
		{CE5469B1-3CFB-4AFE-A91F-AC4898DE6987}.AppStore|Any CPU.ActiveCfg = Debug|Any CPU
		{CE5469B1-3CFB-4AFE-A91F-AC4898DE6987}.AppStore|Any CPU.Build.0 = Debug|Any CPU
		{CE5469B1-3CFB-4AFE-A91F-AC4898DE6987}.AppStore|iPhone.ActiveCfg = Debug|Any CPU
		{CE5469B1-3CFB-4AFE-A91F-AC4898DE6987}.AppStore|iPhone.Build.0 = Debug|Any CPU
		{CE5469B1-3CFB-4AFE-A91F-AC4898DE6987}.AppStore|iPhoneSimulator.ActiveCfg = Debug|Any CPU
		{CE5469B1-3CFB-4AFE-A91F-AC4898DE6987}.AppStore|iPhoneSimulator.Build.0 = Debug|Any CPU
		{CE5469B1-3CFB-4AFE-A91F-AC4898DE6987}.Debug|Any CPU.ActiveCfg = Debug|Any CPU
		{CE5469B1-3CFB-4AFE-A91F-AC4898DE6987}.Debug|Any CPU.Build.0 = Debug|Any CPU
		{CE5469B1-3CFB-4AFE-A91F-AC4898DE6987}.Debug|iPhone.ActiveCfg = Debug|Any CPU
		{CE5469B1-3CFB-4AFE-A91F-AC4898DE6987}.Debug|iPhone.Build.0 = Debug|Any CPU
		{CE5469B1-3CFB-4AFE-A91F-AC4898DE6987}.Debug|iPhoneSimulator.ActiveCfg = Debug|Any CPU
		{CE5469B1-3CFB-4AFE-A91F-AC4898DE6987}.Debug|iPhoneSimulator.Build.0 = Debug|Any CPU
		{CE5469B1-3CFB-4AFE-A91F-AC4898DE6987}.Release|Any CPU.ActiveCfg = Release|Any CPU
		{CE5469B1-3CFB-4AFE-A91F-AC4898DE6987}.Release|Any CPU.Build.0 = Release|Any CPU
		{CE5469B1-3CFB-4AFE-A91F-AC4898DE6987}.Release|iPhone.ActiveCfg = Release|Any CPU
		{CE5469B1-3CFB-4AFE-A91F-AC4898DE6987}.Release|iPhone.Build.0 = Release|Any CPU
		{CE5469B1-3CFB-4AFE-A91F-AC4898DE6987}.Release|iPhoneSimulator.ActiveCfg = Release|Any CPU
		{CE5469B1-3CFB-4AFE-A91F-AC4898DE6987}.Release|iPhoneSimulator.Build.0 = Release|Any CPU
		{1F4B02DC-4526-48CF-B6A2-37E601BCC840}.Ad-Hoc|Any CPU.ActiveCfg = Release|Any CPU
		{1F4B02DC-4526-48CF-B6A2-37E601BCC840}.Ad-Hoc|Any CPU.Build.0 = Release|Any CPU
		{1F4B02DC-4526-48CF-B6A2-37E601BCC840}.Ad-Hoc|Any CPU.Deploy.0 = Release|Any CPU
		{1F4B02DC-4526-48CF-B6A2-37E601BCC840}.Ad-Hoc|iPhone.ActiveCfg = Release|Any CPU
		{1F4B02DC-4526-48CF-B6A2-37E601BCC840}.Ad-Hoc|iPhone.Build.0 = Release|Any CPU
		{1F4B02DC-4526-48CF-B6A2-37E601BCC840}.Ad-Hoc|iPhone.Deploy.0 = Release|Any CPU
		{1F4B02DC-4526-48CF-B6A2-37E601BCC840}.Ad-Hoc|iPhoneSimulator.ActiveCfg = Release|Any CPU
		{1F4B02DC-4526-48CF-B6A2-37E601BCC840}.Ad-Hoc|iPhoneSimulator.Build.0 = Release|Any CPU
		{1F4B02DC-4526-48CF-B6A2-37E601BCC840}.Ad-Hoc|iPhoneSimulator.Deploy.0 = Release|Any CPU
		{1F4B02DC-4526-48CF-B6A2-37E601BCC840}.AppStore|Any CPU.ActiveCfg = Release|Any CPU
		{1F4B02DC-4526-48CF-B6A2-37E601BCC840}.AppStore|Any CPU.Build.0 = Release|Any CPU
		{1F4B02DC-4526-48CF-B6A2-37E601BCC840}.AppStore|Any CPU.Deploy.0 = Release|Any CPU
		{1F4B02DC-4526-48CF-B6A2-37E601BCC840}.AppStore|iPhone.ActiveCfg = Release|Any CPU
		{1F4B02DC-4526-48CF-B6A2-37E601BCC840}.AppStore|iPhone.Build.0 = Release|Any CPU
		{1F4B02DC-4526-48CF-B6A2-37E601BCC840}.AppStore|iPhone.Deploy.0 = Release|Any CPU
		{1F4B02DC-4526-48CF-B6A2-37E601BCC840}.AppStore|iPhoneSimulator.ActiveCfg = Release|Any CPU
		{1F4B02DC-4526-48CF-B6A2-37E601BCC840}.AppStore|iPhoneSimulator.Build.0 = Release|Any CPU
		{1F4B02DC-4526-48CF-B6A2-37E601BCC840}.AppStore|iPhoneSimulator.Deploy.0 = Release|Any CPU
		{1F4B02DC-4526-48CF-B6A2-37E601BCC840}.Debug|Any CPU.ActiveCfg = Debug|Any CPU
		{1F4B02DC-4526-48CF-B6A2-37E601BCC840}.Debug|Any CPU.Build.0 = Debug|Any CPU
		{1F4B02DC-4526-48CF-B6A2-37E601BCC840}.Debug|Any CPU.Deploy.0 = Debug|Any CPU
		{1F4B02DC-4526-48CF-B6A2-37E601BCC840}.Debug|iPhone.ActiveCfg = Debug|Any CPU
		{1F4B02DC-4526-48CF-B6A2-37E601BCC840}.Debug|iPhone.Build.0 = Debug|Any CPU
		{1F4B02DC-4526-48CF-B6A2-37E601BCC840}.Debug|iPhone.Deploy.0 = Debug|Any CPU
		{1F4B02DC-4526-48CF-B6A2-37E601BCC840}.Debug|iPhoneSimulator.ActiveCfg = Debug|Any CPU
		{1F4B02DC-4526-48CF-B6A2-37E601BCC840}.Debug|iPhoneSimulator.Build.0 = Debug|Any CPU
		{1F4B02DC-4526-48CF-B6A2-37E601BCC840}.Debug|iPhoneSimulator.Deploy.0 = Debug|Any CPU
		{1F4B02DC-4526-48CF-B6A2-37E601BCC840}.Release|Any CPU.ActiveCfg = Release|Any CPU
		{1F4B02DC-4526-48CF-B6A2-37E601BCC840}.Release|Any CPU.Build.0 = Release|Any CPU
		{1F4B02DC-4526-48CF-B6A2-37E601BCC840}.Release|Any CPU.Deploy.0 = Release|Any CPU
		{1F4B02DC-4526-48CF-B6A2-37E601BCC840}.Release|iPhone.ActiveCfg = Release|Any CPU
		{1F4B02DC-4526-48CF-B6A2-37E601BCC840}.Release|iPhone.Build.0 = Release|Any CPU
		{1F4B02DC-4526-48CF-B6A2-37E601BCC840}.Release|iPhone.Deploy.0 = Release|Any CPU
		{1F4B02DC-4526-48CF-B6A2-37E601BCC840}.Release|iPhoneSimulator.ActiveCfg = Release|Any CPU
		{1F4B02DC-4526-48CF-B6A2-37E601BCC840}.Release|iPhoneSimulator.Build.0 = Release|Any CPU
		{1F4B02DC-4526-48CF-B6A2-37E601BCC840}.Release|iPhoneSimulator.Deploy.0 = Release|Any CPU
		{29301B2C-27FC-4038-8E27-2B1D3B48CB12}.Ad-Hoc|Any CPU.ActiveCfg = Ad-Hoc|iPhone
		{29301B2C-27FC-4038-8E27-2B1D3B48CB12}.Ad-Hoc|iPhone.ActiveCfg = Ad-Hoc|iPhone
		{29301B2C-27FC-4038-8E27-2B1D3B48CB12}.Ad-Hoc|iPhone.Build.0 = Ad-Hoc|iPhone
		{29301B2C-27FC-4038-8E27-2B1D3B48CB12}.Ad-Hoc|iPhoneSimulator.ActiveCfg = Ad-Hoc|iPhoneSimulator
		{29301B2C-27FC-4038-8E27-2B1D3B48CB12}.Ad-Hoc|iPhoneSimulator.Build.0 = Ad-Hoc|iPhoneSimulator
		{29301B2C-27FC-4038-8E27-2B1D3B48CB12}.AppStore|Any CPU.ActiveCfg = AppStore|iPhone
		{29301B2C-27FC-4038-8E27-2B1D3B48CB12}.AppStore|iPhone.ActiveCfg = AppStore|iPhone
		{29301B2C-27FC-4038-8E27-2B1D3B48CB12}.AppStore|iPhone.Build.0 = AppStore|iPhone
		{29301B2C-27FC-4038-8E27-2B1D3B48CB12}.AppStore|iPhoneSimulator.ActiveCfg = AppStore|iPhoneSimulator
		{29301B2C-27FC-4038-8E27-2B1D3B48CB12}.AppStore|iPhoneSimulator.Build.0 = AppStore|iPhoneSimulator
		{29301B2C-27FC-4038-8E27-2B1D3B48CB12}.Debug|Any CPU.ActiveCfg = Debug|iPhone
		{29301B2C-27FC-4038-8E27-2B1D3B48CB12}.Debug|iPhone.ActiveCfg = Debug|iPhone
		{29301B2C-27FC-4038-8E27-2B1D3B48CB12}.Debug|iPhone.Build.0 = Debug|iPhone
		{29301B2C-27FC-4038-8E27-2B1D3B48CB12}.Debug|iPhoneSimulator.ActiveCfg = Debug|iPhoneSimulator
		{29301B2C-27FC-4038-8E27-2B1D3B48CB12}.Debug|iPhoneSimulator.Build.0 = Debug|iPhoneSimulator
		{29301B2C-27FC-4038-8E27-2B1D3B48CB12}.Release|Any CPU.ActiveCfg = Release|iPhone
		{29301B2C-27FC-4038-8E27-2B1D3B48CB12}.Release|iPhone.ActiveCfg = Release|iPhone
		{29301B2C-27FC-4038-8E27-2B1D3B48CB12}.Release|iPhone.Build.0 = Release|iPhone
		{29301B2C-27FC-4038-8E27-2B1D3B48CB12}.Release|iPhoneSimulator.ActiveCfg = Release|iPhoneSimulator
		{29301B2C-27FC-4038-8E27-2B1D3B48CB12}.Release|iPhoneSimulator.Build.0 = Release|iPhoneSimulator
		{9D3B32E8-BF45-47C3-8B00-51820AF61483}.Ad-Hoc|Any CPU.ActiveCfg = Release|Any CPU
		{9D3B32E8-BF45-47C3-8B00-51820AF61483}.Ad-Hoc|Any CPU.Build.0 = Release|Any CPU
		{9D3B32E8-BF45-47C3-8B00-51820AF61483}.Ad-Hoc|Any CPU.Deploy.0 = Release|Any CPU
		{9D3B32E8-BF45-47C3-8B00-51820AF61483}.Ad-Hoc|iPhone.ActiveCfg = Release|Any CPU
		{9D3B32E8-BF45-47C3-8B00-51820AF61483}.Ad-Hoc|iPhone.Build.0 = Release|Any CPU
		{9D3B32E8-BF45-47C3-8B00-51820AF61483}.Ad-Hoc|iPhone.Deploy.0 = Release|Any CPU
		{9D3B32E8-BF45-47C3-8B00-51820AF61483}.Ad-Hoc|iPhoneSimulator.ActiveCfg = Release|Any CPU
		{9D3B32E8-BF45-47C3-8B00-51820AF61483}.Ad-Hoc|iPhoneSimulator.Build.0 = Release|Any CPU
		{9D3B32E8-BF45-47C3-8B00-51820AF61483}.Ad-Hoc|iPhoneSimulator.Deploy.0 = Release|Any CPU
		{9D3B32E8-BF45-47C3-8B00-51820AF61483}.AppStore|Any CPU.ActiveCfg = Release|Any CPU
		{9D3B32E8-BF45-47C3-8B00-51820AF61483}.AppStore|Any CPU.Build.0 = Release|Any CPU
		{9D3B32E8-BF45-47C3-8B00-51820AF61483}.AppStore|Any CPU.Deploy.0 = Release|Any CPU
		{9D3B32E8-BF45-47C3-8B00-51820AF61483}.AppStore|iPhone.ActiveCfg = Release|Any CPU
		{9D3B32E8-BF45-47C3-8B00-51820AF61483}.AppStore|iPhone.Build.0 = Release|Any CPU
		{9D3B32E8-BF45-47C3-8B00-51820AF61483}.AppStore|iPhone.Deploy.0 = Release|Any CPU
		{9D3B32E8-BF45-47C3-8B00-51820AF61483}.AppStore|iPhoneSimulator.ActiveCfg = Release|Any CPU
		{9D3B32E8-BF45-47C3-8B00-51820AF61483}.AppStore|iPhoneSimulator.Build.0 = Release|Any CPU
		{9D3B32E8-BF45-47C3-8B00-51820AF61483}.AppStore|iPhoneSimulator.Deploy.0 = Release|Any CPU
		{9D3B32E8-BF45-47C3-8B00-51820AF61483}.Debug|Any CPU.ActiveCfg = Debug|Any CPU
		{9D3B32E8-BF45-47C3-8B00-51820AF61483}.Debug|Any CPU.Build.0 = Debug|Any CPU
		{9D3B32E8-BF45-47C3-8B00-51820AF61483}.Debug|Any CPU.Deploy.0 = Debug|Any CPU
		{9D3B32E8-BF45-47C3-8B00-51820AF61483}.Debug|iPhone.ActiveCfg = Debug|Any CPU
		{9D3B32E8-BF45-47C3-8B00-51820AF61483}.Debug|iPhone.Build.0 = Debug|Any CPU
		{9D3B32E8-BF45-47C3-8B00-51820AF61483}.Debug|iPhone.Deploy.0 = Debug|Any CPU
		{9D3B32E8-BF45-47C3-8B00-51820AF61483}.Debug|iPhoneSimulator.ActiveCfg = Debug|Any CPU
		{9D3B32E8-BF45-47C3-8B00-51820AF61483}.Debug|iPhoneSimulator.Build.0 = Debug|Any CPU
		{9D3B32E8-BF45-47C3-8B00-51820AF61483}.Debug|iPhoneSimulator.Deploy.0 = Debug|Any CPU
		{9D3B32E8-BF45-47C3-8B00-51820AF61483}.Release|Any CPU.ActiveCfg = Release|Any CPU
		{9D3B32E8-BF45-47C3-8B00-51820AF61483}.Release|Any CPU.Build.0 = Release|Any CPU
		{9D3B32E8-BF45-47C3-8B00-51820AF61483}.Release|Any CPU.Deploy.0 = Release|Any CPU
		{9D3B32E8-BF45-47C3-8B00-51820AF61483}.Release|iPhone.ActiveCfg = Release|Any CPU
		{9D3B32E8-BF45-47C3-8B00-51820AF61483}.Release|iPhone.Build.0 = Release|Any CPU
		{9D3B32E8-BF45-47C3-8B00-51820AF61483}.Release|iPhone.Deploy.0 = Release|Any CPU
		{9D3B32E8-BF45-47C3-8B00-51820AF61483}.Release|iPhoneSimulator.ActiveCfg = Release|Any CPU
		{9D3B32E8-BF45-47C3-8B00-51820AF61483}.Release|iPhoneSimulator.Build.0 = Release|Any CPU
		{9D3B32E8-BF45-47C3-8B00-51820AF61483}.Release|iPhoneSimulator.Deploy.0 = Release|Any CPU
		{B6B0DA76-4730-4944-AD2A-A096C0E24CDA}.Ad-Hoc|Any CPU.ActiveCfg = Release|iPhone
		{B6B0DA76-4730-4944-AD2A-A096C0E24CDA}.Ad-Hoc|Any CPU.Build.0 = Release|iPhone
		{B6B0DA76-4730-4944-AD2A-A096C0E24CDA}.Ad-Hoc|iPhone.ActiveCfg = Release|iPhone
		{B6B0DA76-4730-4944-AD2A-A096C0E24CDA}.Ad-Hoc|iPhone.Build.0 = Release|iPhone
		{B6B0DA76-4730-4944-AD2A-A096C0E24CDA}.Ad-Hoc|iPhoneSimulator.ActiveCfg = Release|iPhoneSimulator
		{B6B0DA76-4730-4944-AD2A-A096C0E24CDA}.Ad-Hoc|iPhoneSimulator.Build.0 = Release|iPhoneSimulator
		{B6B0DA76-4730-4944-AD2A-A096C0E24CDA}.AppStore|Any CPU.ActiveCfg = Release|iPhone
		{B6B0DA76-4730-4944-AD2A-A096C0E24CDA}.AppStore|Any CPU.Build.0 = Release|iPhone
		{B6B0DA76-4730-4944-AD2A-A096C0E24CDA}.AppStore|iPhone.ActiveCfg = Release|iPhone
		{B6B0DA76-4730-4944-AD2A-A096C0E24CDA}.AppStore|iPhone.Build.0 = Release|iPhone
		{B6B0DA76-4730-4944-AD2A-A096C0E24CDA}.AppStore|iPhoneSimulator.ActiveCfg = Release|iPhoneSimulator
		{B6B0DA76-4730-4944-AD2A-A096C0E24CDA}.AppStore|iPhoneSimulator.Build.0 = Release|iPhoneSimulator
		{B6B0DA76-4730-4944-AD2A-A096C0E24CDA}.Debug|Any CPU.ActiveCfg = Debug|iPhone
		{B6B0DA76-4730-4944-AD2A-A096C0E24CDA}.Debug|iPhone.ActiveCfg = Debug|iPhone
		{B6B0DA76-4730-4944-AD2A-A096C0E24CDA}.Debug|iPhone.Build.0 = Debug|iPhone
		{B6B0DA76-4730-4944-AD2A-A096C0E24CDA}.Debug|iPhoneSimulator.ActiveCfg = Debug|iPhoneSimulator
		{B6B0DA76-4730-4944-AD2A-A096C0E24CDA}.Debug|iPhoneSimulator.Build.0 = Debug|iPhoneSimulator
		{B6B0DA76-4730-4944-AD2A-A096C0E24CDA}.Release|Any CPU.ActiveCfg = Release|iPhone
		{B6B0DA76-4730-4944-AD2A-A096C0E24CDA}.Release|iPhone.ActiveCfg = Release|iPhone
		{B6B0DA76-4730-4944-AD2A-A096C0E24CDA}.Release|iPhone.Build.0 = Release|iPhone
		{B6B0DA76-4730-4944-AD2A-A096C0E24CDA}.Release|iPhoneSimulator.ActiveCfg = Release|iPhoneSimulator
		{B6B0DA76-4730-4944-AD2A-A096C0E24CDA}.Release|iPhoneSimulator.Build.0 = Release|iPhoneSimulator
	EndGlobalSection
	GlobalSection(SolutionProperties) = preSolution
		HideSolutionNode = FALSE
	EndGlobalSection
	GlobalSection(ExtensibilityGlobals) = postSolution
		SolutionGuid = {C74A234E-289C-4A63-BE2D-25B8A05BF55F}
	EndGlobalSection
EndGlobal
